// !$*UTF8*$!
{
	archiveVersion = 1;
	classes = {
	};
	objectVersion = 46;
	objects = {

/* Begin PBXBuildFile section */
		299351BB1F48038B008A4E49 /* AppDelegate.swift in Sources */ = {isa = PBXBuildFile; fileRef = 299351BA1F48038B008A4E49 /* AppDelegate.swift */; };
		299351BD1F48038B008A4E49 /* ViewController.swift in Sources */ = {isa = PBXBuildFile; fileRef = 299351BC1F48038B008A4E49 /* ViewController.swift */; };
		299351C01F48038C008A4E49 /* Main.storyboard in Resources */ = {isa = PBXBuildFile; fileRef = 299351BE1F48038C008A4E49 /* Main.storyboard */; };
		299351C31F48038C008A4E49 /* Incident_Reporting.xcdatamodeld in Sources */ = {isa = PBXBuildFile; fileRef = 299351C11F48038C008A4E49 /* Incident_Reporting.xcdatamodeld */; };
		299351C51F48038C008A4E49 /* Assets.xcassets in Resources */ = {isa = PBXBuildFile; fileRef = 299351C41F48038C008A4E49 /* Assets.xcassets */; };
		299351C81F48038C008A4E49 /* LaunchScreen.storyboard in Resources */ = {isa = PBXBuildFile; fileRef = 299351C61F48038C008A4E49 /* LaunchScreen.storyboard */; };
		299351D31F48038C008A4E49 /* Incident_ReportingTests.swift in Sources */ = {isa = PBXBuildFile; fileRef = 299351D21F48038C008A4E49 /* Incident_ReportingTests.swift */; };
		299351DE1F48038C008A4E49 /* Incident_ReportingUITests.swift in Sources */ = {isa = PBXBuildFile; fileRef = 299351DD1F48038C008A4E49 /* Incident_ReportingUITests.swift */; };
		299351EC1F480425008A4E49 /* MainViewController.swift in Sources */ = {isa = PBXBuildFile; fileRef = 299351EB1F480425008A4E49 /* MainViewController.swift */; };
		299351EF1F480470008A4E49 /* ReportViewController.swift in Sources */ = {isa = PBXBuildFile; fileRef = 299351EE1F480470008A4E49 /* ReportViewController.swift */; };
		299351F11F48047C008A4E49 /* SearchViewController.swift in Sources */ = {isa = PBXBuildFile; fileRef = 299351F01F48047C008A4E49 /* SearchViewController.swift */; };
		299351F31F4804EA008A4E49 /* LogInViewController.swift in Sources */ = {isa = PBXBuildFile; fileRef = 299351F21F4804EA008A4E49 /* LogInViewController.swift */; };
		299351F71F481204008A4E49 /* UITextField.swift in Sources */ = {isa = PBXBuildFile; fileRef = 299351F61F481204008A4E49 /* UITextField.swift */; };
		299351F91F481AC3008A4E49 /* SearchTableViewCell.swift in Sources */ = {isa = PBXBuildFile; fileRef = 299351F81F481AC3008A4E49 /* SearchTableViewCell.swift */; };
		299351FE1F48442C008A4E49 /* UIViewController.swift in Sources */ = {isa = PBXBuildFile; fileRef = 299351FD1F48442C008A4E49 /* UIViewController.swift */; };
		501AF521B573303BDBC61E8E /* Pods_Incident_Reporting.framework in Frameworks */ = {isa = PBXBuildFile; fileRef = 4EE2CE9221DD79BB120E1331 /* Pods_Incident_Reporting.framework */; };
/* End PBXBuildFile section */

/* Begin PBXContainerItemProxy section */
		299351CF1F48038C008A4E49 /* PBXContainerItemProxy */ = {
			isa = PBXContainerItemProxy;
			containerPortal = 299351AF1F48038B008A4E49 /* Project object */;
			proxyType = 1;
			remoteGlobalIDString = 299351B61F48038B008A4E49;
			remoteInfo = "Incident Reporting";
		};
		299351DA1F48038C008A4E49 /* PBXContainerItemProxy */ = {
			isa = PBXContainerItemProxy;
			containerPortal = 299351AF1F48038B008A4E49 /* Project object */;
			proxyType = 1;
			remoteGlobalIDString = 299351B61F48038B008A4E49;
			remoteInfo = "Incident Reporting";
		};
/* End PBXContainerItemProxy section */

/* Begin PBXFileReference section */
		299351B71F48038B008A4E49 /* Incident Reporting.app */ = {isa = PBXFileReference; explicitFileType = wrapper.application; includeInIndex = 0; path = "Incident Reporting.app"; sourceTree = BUILT_PRODUCTS_DIR; };
		299351BA1F48038B008A4E49 /* AppDelegate.swift */ = {isa = PBXFileReference; lastKnownFileType = sourcecode.swift; path = AppDelegate.swift; sourceTree = "<group>"; };
		299351BC1F48038B008A4E49 /* ViewController.swift */ = {isa = PBXFileReference; lastKnownFileType = sourcecode.swift; path = ViewController.swift; sourceTree = "<group>"; };
		299351BF1F48038C008A4E49 /* Base */ = {isa = PBXFileReference; lastKnownFileType = file.storyboard; name = Base; path = Base.lproj/Main.storyboard; sourceTree = "<group>"; };
		299351C21F48038C008A4E49 /* Incident_Reporting.xcdatamodel */ = {isa = PBXFileReference; lastKnownFileType = wrapper.xcdatamodel; path = Incident_Reporting.xcdatamodel; sourceTree = "<group>"; };
		299351C41F48038C008A4E49 /* Assets.xcassets */ = {isa = PBXFileReference; lastKnownFileType = folder.assetcatalog; path = Assets.xcassets; sourceTree = "<group>"; };
		299351C71F48038C008A4E49 /* Base */ = {isa = PBXFileReference; lastKnownFileType = file.storyboard; name = Base; path = Base.lproj/LaunchScreen.storyboard; sourceTree = "<group>"; };
		299351C91F48038C008A4E49 /* Info.plist */ = {isa = PBXFileReference; lastKnownFileType = text.plist.xml; path = Info.plist; sourceTree = "<group>"; };
		299351CE1F48038C008A4E49 /* Incident ReportingTests.xctest */ = {isa = PBXFileReference; explicitFileType = wrapper.cfbundle; includeInIndex = 0; path = "Incident ReportingTests.xctest"; sourceTree = BUILT_PRODUCTS_DIR; };
		299351D21F48038C008A4E49 /* Incident_ReportingTests.swift */ = {isa = PBXFileReference; lastKnownFileType = sourcecode.swift; path = Incident_ReportingTests.swift; sourceTree = "<group>"; };
		299351D41F48038C008A4E49 /* Info.plist */ = {isa = PBXFileReference; lastKnownFileType = text.plist.xml; path = Info.plist; sourceTree = "<group>"; };
		299351D91F48038C008A4E49 /* Incident ReportingUITests.xctest */ = {isa = PBXFileReference; explicitFileType = wrapper.cfbundle; includeInIndex = 0; path = "Incident ReportingUITests.xctest"; sourceTree = BUILT_PRODUCTS_DIR; };
		299351DD1F48038C008A4E49 /* Incident_ReportingUITests.swift */ = {isa = PBXFileReference; lastKnownFileType = sourcecode.swift; path = Incident_ReportingUITests.swift; sourceTree = "<group>"; };
		299351DF1F48038C008A4E49 /* Info.plist */ = {isa = PBXFileReference; lastKnownFileType = text.plist.xml; path = Info.plist; sourceTree = "<group>"; };
		299351EB1F480425008A4E49 /* MainViewController.swift */ = {isa = PBXFileReference; fileEncoding = 4; lastKnownFileType = sourcecode.swift; path = MainViewController.swift; sourceTree = "<group>"; };
		299351EE1F480470008A4E49 /* ReportViewController.swift */ = {isa = PBXFileReference; fileEncoding = 4; lastKnownFileType = sourcecode.swift; path = ReportViewController.swift; sourceTree = "<group>"; };
		299351F01F48047C008A4E49 /* SearchViewController.swift */ = {isa = PBXFileReference; fileEncoding = 4; lastKnownFileType = sourcecode.swift; path = SearchViewController.swift; sourceTree = "<group>"; };
		299351F21F4804EA008A4E49 /* LogInViewController.swift */ = {isa = PBXFileReference; fileEncoding = 4; lastKnownFileType = sourcecode.swift; path = LogInViewController.swift; sourceTree = "<group>"; };
		299351F61F481204008A4E49 /* UITextField.swift */ = {isa = PBXFileReference; fileEncoding = 4; lastKnownFileType = sourcecode.swift; path = UITextField.swift; sourceTree = "<group>"; };
		299351F81F481AC3008A4E49 /* SearchTableViewCell.swift */ = {isa = PBXFileReference; fileEncoding = 4; lastKnownFileType = sourcecode.swift; path = SearchTableViewCell.swift; sourceTree = "<group>"; };
		299351FD1F48442C008A4E49 /* UIViewController.swift */ = {isa = PBXFileReference; fileEncoding = 4; lastKnownFileType = sourcecode.swift; path = UIViewController.swift; sourceTree = "<group>"; };
		4EE2CE9221DD79BB120E1331 /* Pods_Incident_Reporting.framework */ = {isa = PBXFileReference; explicitFileType = wrapper.framework; includeInIndex = 0; path = Pods_Incident_Reporting.framework; sourceTree = BUILT_PRODUCTS_DIR; };
		726490467C260ED302C13605 /* Pods-Incident Reporting.release.xcconfig */ = {isa = PBXFileReference; includeInIndex = 1; lastKnownFileType = text.xcconfig; name = "Pods-Incident Reporting.release.xcconfig"; path = "Pods/Target Support Files/Pods-Incident Reporting/Pods-Incident Reporting.release.xcconfig"; sourceTree = "<group>"; };
		D142BDF5F81F1EFC82C33D81 /* Pods-Incident Reporting.debug.xcconfig */ = {isa = PBXFileReference; includeInIndex = 1; lastKnownFileType = text.xcconfig; name = "Pods-Incident Reporting.debug.xcconfig"; path = "Pods/Target Support Files/Pods-Incident Reporting/Pods-Incident Reporting.debug.xcconfig"; sourceTree = "<group>"; };
/* End PBXFileReference section */

/* Begin PBXFrameworksBuildPhase section */
		299351B41F48038B008A4E49 /* Frameworks */ = {
			isa = PBXFrameworksBuildPhase;
			buildActionMask = 2147483647;
			files = (
				501AF521B573303BDBC61E8E /* Pods_Incident_Reporting.framework in Frameworks */,
			);
			runOnlyForDeploymentPostprocessing = 0;
		};
		299351CB1F48038C008A4E49 /* Frameworks */ = {
			isa = PBXFrameworksBuildPhase;
			buildActionMask = 2147483647;
			files = (
			);
			runOnlyForDeploymentPostprocessing = 0;
		};
		299351D61F48038C008A4E49 /* Frameworks */ = {
			isa = PBXFrameworksBuildPhase;
			buildActionMask = 2147483647;
			files = (
			);
			runOnlyForDeploymentPostprocessing = 0;
		};
/* End PBXFrameworksBuildPhase section */

/* Begin PBXGroup section */
		047EEA29259CEC92380D1DCA /* Frameworks */ = {
			isa = PBXGroup;
			children = (
				4EE2CE9221DD79BB120E1331 /* Pods_Incident_Reporting.framework */,
			);
			name = Frameworks;
			sourceTree = "<group>";
		};
		299351AE1F48038B008A4E49 = {
			isa = PBXGroup;
			children = (
				299351B91F48038B008A4E49 /* Incident Reporting */,
				299351D11F48038C008A4E49 /* Incident ReportingTests */,
				299351DC1F48038C008A4E49 /* Incident ReportingUITests */,
				299351B81F48038B008A4E49 /* Products */,
				9CA8EC497B90E3B94A0920F5 /* Pods */,
				047EEA29259CEC92380D1DCA /* Frameworks */,
			);
			sourceTree = "<group>";
		};
		299351B81F48038B008A4E49 /* Products */ = {
			isa = PBXGroup;
			children = (
				299351B71F48038B008A4E49 /* Incident Reporting.app */,
				299351CE1F48038C008A4E49 /* Incident ReportingTests.xctest */,
				299351D91F48038C008A4E49 /* Incident ReportingUITests.xctest */,
			);
			name = Products;
			sourceTree = "<group>";
		};
		299351B91F48038B008A4E49 /* Incident Reporting */ = {
			isa = PBXGroup;
			children = (
				299351BA1F48038B008A4E49 /* AppDelegate.swift */,
				299351BC1F48038B008A4E49 /* ViewController.swift */,
				299351BE1F48038C008A4E49 /* Main.storyboard */,
				299351C41F48038C008A4E49 /* Assets.xcassets */,
				299351C61F48038C008A4E49 /* LaunchScreen.storyboard */,
				299351C91F48038C008A4E49 /* Info.plist */,
				299351C11F48038C008A4E49 /* Incident_Reporting.xcdatamodeld */,
				299351ED1F480432008A4E49 /* Main */,
				299351F41F4804EE008A4E49 /* Login */,
				299351F51F4811EA008A4E49 /* Extension */,
			);
			path = "Incident Reporting";
			sourceTree = "<group>";
		};
		299351D11F48038C008A4E49 /* Incident ReportingTests */ = {
			isa = PBXGroup;
			children = (
				299351D21F48038C008A4E49 /* Incident_ReportingTests.swift */,
				299351D41F48038C008A4E49 /* Info.plist */,
			);
			path = "Incident ReportingTests";
			sourceTree = "<group>";
		};
		299351DC1F48038C008A4E49 /* Incident ReportingUITests */ = {
			isa = PBXGroup;
			children = (
				299351DD1F48038C008A4E49 /* Incident_ReportingUITests.swift */,
				299351DF1F48038C008A4E49 /* Info.plist */,
			);
			path = "Incident ReportingUITests";
			sourceTree = "<group>";
		};
		299351ED1F480432008A4E49 /* Main */ = {
			isa = PBXGroup;
			children = (
				299351EB1F480425008A4E49 /* MainViewController.swift */,
				299351EE1F480470008A4E49 /* ReportViewController.swift */,
				299351F01F48047C008A4E49 /* SearchViewController.swift */,
				299351F81F481AC3008A4E49 /* SearchTableViewCell.swift */,
			);
			name = Main;
			sourceTree = "<group>";
		};
		299351F41F4804EE008A4E49 /* Login */ = {
			isa = PBXGroup;
			children = (
				299351F21F4804EA008A4E49 /* LogInViewController.swift */,
			);
			name = Login;
			sourceTree = "<group>";
		};
		299351F51F4811EA008A4E49 /* Extension */ = {
			isa = PBXGroup;
			children = (
				299351F61F481204008A4E49 /* UITextField.swift */,
				299351FD1F48442C008A4E49 /* UIViewController.swift */,
			);
			name = Extension;
			sourceTree = "<group>";
		};
		9CA8EC497B90E3B94A0920F5 /* Pods */ = {
			isa = PBXGroup;
			children = (
				D142BDF5F81F1EFC82C33D81 /* Pods-Incident Reporting.debug.xcconfig */,
				726490467C260ED302C13605 /* Pods-Incident Reporting.release.xcconfig */,
			);
			name = Pods;
			sourceTree = "<group>";
		};
/* End PBXGroup section */

/* Begin PBXNativeTarget section */
		299351B61F48038B008A4E49 /* Incident Reporting */ = {
			isa = PBXNativeTarget;
			buildConfigurationList = 299351E21F48038C008A4E49 /* Build configuration list for PBXNativeTarget "Incident Reporting" */;
			buildPhases = (
				7233EFF608A2CE37D9C484F4 /* [CP] Check Pods Manifest.lock */,
				299351B31F48038B008A4E49 /* Sources */,
				299351B41F48038B008A4E49 /* Frameworks */,
				299351B51F48038B008A4E49 /* Resources */,
				0C3CF63C711F4EAFB35CCC77 /* [CP] Embed Pods Frameworks */,
				B1A73001139E6C28B6A50E94 /* [CP] Copy Pods Resources */,
			);
			buildRules = (
			);
			dependencies = (
			);
			name = "Incident Reporting";
			productName = "Incident Reporting";
			productReference = 299351B71F48038B008A4E49 /* Incident Reporting.app */;
			productType = "com.apple.product-type.application";
		};
		299351CD1F48038C008A4E49 /* Incident ReportingTests */ = {
			isa = PBXNativeTarget;
			buildConfigurationList = 299351E51F48038C008A4E49 /* Build configuration list for PBXNativeTarget "Incident ReportingTests" */;
			buildPhases = (
				299351CA1F48038C008A4E49 /* Sources */,
				299351CB1F48038C008A4E49 /* Frameworks */,
				299351CC1F48038C008A4E49 /* Resources */,
			);
			buildRules = (
			);
			dependencies = (
				299351D01F48038C008A4E49 /* PBXTargetDependency */,
			);
			name = "Incident ReportingTests";
			productName = "Incident ReportingTests";
			productReference = 299351CE1F48038C008A4E49 /* Incident ReportingTests.xctest */;
			productType = "com.apple.product-type.bundle.unit-test";
		};
		299351D81F48038C008A4E49 /* Incident ReportingUITests */ = {
			isa = PBXNativeTarget;
			buildConfigurationList = 299351E81F48038C008A4E49 /* Build configuration list for PBXNativeTarget "Incident ReportingUITests" */;
			buildPhases = (
				299351D51F48038C008A4E49 /* Sources */,
				299351D61F48038C008A4E49 /* Frameworks */,
				299351D71F48038C008A4E49 /* Resources */,
			);
			buildRules = (
			);
			dependencies = (
				299351DB1F48038C008A4E49 /* PBXTargetDependency */,
			);
			name = "Incident ReportingUITests";
			productName = "Incident ReportingUITests";
			productReference = 299351D91F48038C008A4E49 /* Incident ReportingUITests.xctest */;
			productType = "com.apple.product-type.bundle.ui-testing";
		};
/* End PBXNativeTarget section */

/* Begin PBXProject section */
		299351AF1F48038B008A4E49 /* Project object */ = {
			isa = PBXProject;
			attributes = {
				LastSwiftUpdateCheck = 0830;
				LastUpgradeCheck = 0830;
				ORGANIZATIONNAME = XuYang;
				TargetAttributes = {
					299351B61F48038B008A4E49 = {
						CreatedOnToolsVersion = 8.3.3;
						DevelopmentTeam = 9G65KC23WQ;
						ProvisioningStyle = Automatic;
					};
					299351CD1F48038C008A4E49 = {
						CreatedOnToolsVersion = 8.3.3;
						DevelopmentTeam = 9G65KC23WQ;
						ProvisioningStyle = Automatic;
						TestTargetID = 299351B61F48038B008A4E49;
					};
					299351D81F48038C008A4E49 = {
						CreatedOnToolsVersion = 8.3.3;
						DevelopmentTeam = 9G65KC23WQ;
						ProvisioningStyle = Automatic;
						TestTargetID = 299351B61F48038B008A4E49;
					};
				};
			};
			buildConfigurationList = 299351B21F48038B008A4E49 /* Build configuration list for PBXProject "Incident Reporting" */;
			compatibilityVersion = "Xcode 3.2";
			developmentRegion = English;
			hasScannedForEncodings = 0;
			knownRegions = (
				en,
				Base,
			);
			mainGroup = 299351AE1F48038B008A4E49;
			productRefGroup = 299351B81F48038B008A4E49 /* Products */;
			projectDirPath = "";
			projectRoot = "";
			targets = (
				299351B61F48038B008A4E49 /* Incident Reporting */,
				299351CD1F48038C008A4E49 /* Incident ReportingTests */,
				299351D81F48038C008A4E49 /* Incident ReportingUITests */,
			);
		};
/* End PBXProject section */

/* Begin PBXResourcesBuildPhase section */
		299351B51F48038B008A4E49 /* Resources */ = {
			isa = PBXResourcesBuildPhase;
			buildActionMask = 2147483647;
			files = (
				299351C81F48038C008A4E49 /* LaunchScreen.storyboard in Resources */,
				299351C51F48038C008A4E49 /* Assets.xcassets in Resources */,
				299351C01F48038C008A4E49 /* Main.storyboard in Resources */,
			);
			runOnlyForDeploymentPostprocessing = 0;
		};
		299351CC1F48038C008A4E49 /* Resources */ = {
			isa = PBXResourcesBuildPhase;
			buildActionMask = 2147483647;
			files = (
			);
			runOnlyForDeploymentPostprocessing = 0;
		};
		299351D71F48038C008A4E49 /* Resources */ = {
			isa = PBXResourcesBuildPhase;
			buildActionMask = 2147483647;
			files = (
			);
			runOnlyForDeploymentPostprocessing = 0;
		};
/* End PBXResourcesBuildPhase section */

/* Begin PBXShellScriptBuildPhase section */
		0C3CF63C711F4EAFB35CCC77 /* [CP] Embed Pods Frameworks */ = {
			isa = PBXShellScriptBuildPhase;
			buildActionMask = 2147483647;
			files = (
			);
			inputPaths = (
			);
			name = "[CP] Embed Pods Frameworks";
			outputPaths = (
			);
			runOnlyForDeploymentPostprocessing = 0;
			shellPath = /bin/sh;
			shellScript = "\"${SRCROOT}/Pods/Target Support Files/Pods-Incident Reporting/Pods-Incident Reporting-frameworks.sh\"\n";
			showEnvVarsInLog = 0;
		};
		7233EFF608A2CE37D9C484F4 /* [CP] Check Pods Manifest.lock */ = {
			isa = PBXShellScriptBuildPhase;
			buildActionMask = 2147483647;
			files = (
			);
			inputPaths = (
			);
			name = "[CP] Check Pods Manifest.lock";
			outputPaths = (
			);
			runOnlyForDeploymentPostprocessing = 0;
			shellPath = /bin/sh;
			shellScript = "diff \"${PODS_ROOT}/../Podfile.lock\" \"${PODS_ROOT}/Manifest.lock\" > /dev/null\nif [ $? != 0 ] ; then\n    # print error to STDERR\n    echo \"error: The sandbox is not in sync with the Podfile.lock. Run 'pod install' or update your CocoaPods installation.\" >&2\n    exit 1\nfi\n";
			showEnvVarsInLog = 0;
		};
		B1A73001139E6C28B6A50E94 /* [CP] Copy Pods Resources */ = {
			isa = PBXShellScriptBuildPhase;
			buildActionMask = 2147483647;
			files = (
			);
			inputPaths = (
			);
			name = "[CP] Copy Pods Resources";
			outputPaths = (
			);
			runOnlyForDeploymentPostprocessing = 0;
			shellPath = /bin/sh;
			shellScript = "\"${SRCROOT}/Pods/Target Support Files/Pods-Incident Reporting/Pods-Incident Reporting-resources.sh\"\n";
			showEnvVarsInLog = 0;
		};
/* End PBXShellScriptBuildPhase section */

/* Begin PBXSourcesBuildPhase section */
		299351B31F48038B008A4E49 /* Sources */ = {
			isa = PBXSourcesBuildPhase;
			buildActionMask = 2147483647;
			files = (
				299351F91F481AC3008A4E49 /* SearchTableViewCell.swift in Sources */,
				299351F11F48047C008A4E49 /* SearchViewController.swift in Sources */,
				299351BD1F48038B008A4E49 /* ViewController.swift in Sources */,
				299351FE1F48442C008A4E49 /* UIViewController.swift in Sources */,
				299351BB1F48038B008A4E49 /* AppDelegate.swift in Sources */,
				299351F71F481204008A4E49 /* UITextField.swift in Sources */,
				299351F31F4804EA008A4E49 /* LogInViewController.swift in Sources */,
				299351C31F48038C008A4E49 /* Incident_Reporting.xcdatamodeld in Sources */,
				299351EF1F480470008A4E49 /* ReportViewController.swift in Sources */,
				299351EC1F480425008A4E49 /* MainViewController.swift in Sources */,
			);
			runOnlyForDeploymentPostprocessing = 0;
		};
		299351CA1F48038C008A4E49 /* Sources */ = {
			isa = PBXSourcesBuildPhase;
			buildActionMask = 2147483647;
			files = (
				299351D31F48038C008A4E49 /* Incident_ReportingTests.swift in Sources */,
			);
			runOnlyForDeploymentPostprocessing = 0;
		};
		299351D51F48038C008A4E49 /* Sources */ = {
			isa = PBXSourcesBuildPhase;
			buildActionMask = 2147483647;
			files = (
				299351DE1F48038C008A4E49 /* Incident_ReportingUITests.swift in Sources */,
			);
			runOnlyForDeploymentPostprocessing = 0;
		};
/* End PBXSourcesBuildPhase section */

/* Begin PBXTargetDependency section */
		299351D01F48038C008A4E49 /* PBXTargetDependency */ = {
			isa = PBXTargetDependency;
			target = 299351B61F48038B008A4E49 /* Incident Reporting */;
			targetProxy = 299351CF1F48038C008A4E49 /* PBXContainerItemProxy */;
		};
		299351DB1F48038C008A4E49 /* PBXTargetDependency */ = {
			isa = PBXTargetDependency;
			target = 299351B61F48038B008A4E49 /* Incident Reporting */;
			targetProxy = 299351DA1F48038C008A4E49 /* PBXContainerItemProxy */;
		};
/* End PBXTargetDependency section */

/* Begin PBXVariantGroup section */
		299351BE1F48038C008A4E49 /* Main.storyboard */ = {
			isa = PBXVariantGroup;
			children = (
				299351BF1F48038C008A4E49 /* Base */,
			);
			name = Main.storyboard;
			sourceTree = "<group>";
		};
		299351C61F48038C008A4E49 /* LaunchScreen.storyboard */ = {
			isa = PBXVariantGroup;
			children = (
				299351C71F48038C008A4E49 /* Base */,
			);
			name = LaunchScreen.storyboard;
			sourceTree = "<group>";
		};
/* End PBXVariantGroup section */

/* Begin XCBuildConfiguration section */
		299351E01F48038C008A4E49 /* Debug */ = {
			isa = XCBuildConfiguration;
			buildSettings = {
				ALWAYS_SEARCH_USER_PATHS = NO;
				CLANG_ANALYZER_NONNULL = YES;
				CLANG_ANALYZER_NUMBER_OBJECT_CONVERSION = YES_AGGRESSIVE;
				CLANG_CXX_LANGUAGE_STANDARD = "gnu++0x";
				CLANG_CXX_LIBRARY = "libc++";
				CLANG_ENABLE_MODULES = YES;
				CLANG_ENABLE_OBJC_ARC = YES;
				CLANG_WARN_BOOL_CONVERSION = YES;
				CLANG_WARN_CONSTANT_CONVERSION = YES;
				CLANG_WARN_DIRECT_OBJC_ISA_USAGE = YES_ERROR;
				CLANG_WARN_DOCUMENTATION_COMMENTS = YES;
				CLANG_WARN_EMPTY_BODY = YES;
				CLANG_WARN_ENUM_CONVERSION = YES;
				CLANG_WARN_INFINITE_RECURSION = YES;
				CLANG_WARN_INT_CONVERSION = YES;
				CLANG_WARN_OBJC_ROOT_CLASS = YES_ERROR;
				CLANG_WARN_SUSPICIOUS_MOVE = YES;
				CLANG_WARN_UNREACHABLE_CODE = YES;
				CLANG_WARN__DUPLICATE_METHOD_MATCH = YES;
				"CODE_SIGN_IDENTITY[sdk=iphoneos*]" = "iPhone Developer";
				COPY_PHASE_STRIP = NO;
				DEBUG_INFORMATION_FORMAT = dwarf;
				ENABLE_STRICT_OBJC_MSGSEND = YES;
				ENABLE_TESTABILITY = YES;
				GCC_C_LANGUAGE_STANDARD = gnu99;
				GCC_DYNAMIC_NO_PIC = NO;
				GCC_NO_COMMON_BLOCKS = YES;
				GCC_OPTIMIZATION_LEVEL = 0;
				GCC_PREPROCESSOR_DEFINITIONS = (
					"DEBUG=1",
					"$(inherited)",
				);
				GCC_WARN_64_TO_32_BIT_CONVERSION = YES;
				GCC_WARN_ABOUT_RETURN_TYPE = YES_ERROR;
				GCC_WARN_UNDECLARED_SELECTOR = YES;
				GCC_WARN_UNINITIALIZED_AUTOS = YES_AGGRESSIVE;
				GCC_WARN_UNUSED_FUNCTION = YES;
				GCC_WARN_UNUSED_VARIABLE = YES;
				IPHONEOS_DEPLOYMENT_TARGET = 10.3;
				MTL_ENABLE_DEBUG_INFO = YES;
				ONLY_ACTIVE_ARCH = YES;
				SDKROOT = iphoneos;
				SWIFT_ACTIVE_COMPILATION_CONDITIONS = DEBUG;
				SWIFT_OPTIMIZATION_LEVEL = "-Onone";
			};
			name = Debug;
		};
		299351E11F48038C008A4E49 /* Release */ = {
			isa = XCBuildConfiguration;
			buildSettings = {
				ALWAYS_SEARCH_USER_PATHS = NO;
				CLANG_ANALYZER_NONNULL = YES;
				CLANG_ANALYZER_NUMBER_OBJECT_CONVERSION = YES_AGGRESSIVE;
				CLANG_CXX_LANGUAGE_STANDARD = "gnu++0x";
				CLANG_CXX_LIBRARY = "libc++";
				CLANG_ENABLE_MODULES = YES;
				CLANG_ENABLE_OBJC_ARC = YES;
				CLANG_WARN_BOOL_CONVERSION = YES;
				CLANG_WARN_CONSTANT_CONVERSION = YES;
				CLANG_WARN_DIRECT_OBJC_ISA_USAGE = YES_ERROR;
				CLANG_WARN_DOCUMENTATION_COMMENTS = YES;
				CLANG_WARN_EMPTY_BODY = YES;
				CLANG_WARN_ENUM_CONVERSION = YES;
				CLANG_WARN_INFINITE_RECURSION = YES;
				CLANG_WARN_INT_CONVERSION = YES;
				CLANG_WARN_OBJC_ROOT_CLASS = YES_ERROR;
				CLANG_WARN_SUSPICIOUS_MOVE = YES;
				CLANG_WARN_UNREACHABLE_CODE = YES;
				CLANG_WARN__DUPLICATE_METHOD_MATCH = YES;
				"CODE_SIGN_IDENTITY[sdk=iphoneos*]" = "iPhone Developer";
				COPY_PHASE_STRIP = NO;
				DEBUG_INFORMATION_FORMAT = "dwarf-with-dsym";
				ENABLE_NS_ASSERTIONS = NO;
				ENABLE_STRICT_OBJC_MSGSEND = YES;
				GCC_C_LANGUAGE_STANDARD = gnu99;
				GCC_NO_COMMON_BLOCKS = YES;
				GCC_WARN_64_TO_32_BIT_CONVERSION = YES;
				GCC_WARN_ABOUT_RETURN_TYPE = YES_ERROR;
				GCC_WARN_UNDECLARED_SELECTOR = YES;
				GCC_WARN_UNINITIALIZED_AUTOS = YES_AGGRESSIVE;
				GCC_WARN_UNUSED_FUNCTION = YES;
				GCC_WARN_UNUSED_VARIABLE = YES;
				IPHONEOS_DEPLOYMENT_TARGET = 10.3;
				MTL_ENABLE_DEBUG_INFO = NO;
				SDKROOT = iphoneos;
				SWIFT_OPTIMIZATION_LEVEL = "-Owholemodule";
				VALIDATE_PRODUCT = YES;
			};
			name = Release;
		};
		299351E31F48038C008A4E49 /* Debug */ = {
			isa = XCBuildConfiguration;
			baseConfigurationReference = D142BDF5F81F1EFC82C33D81 /* Pods-Incident Reporting.debug.xcconfig */;
			buildSettings = {
				ASSETCATALOG_COMPILER_APPICON_NAME = AppIcon;
				DEVELOPMENT_TEAM = 9G65KC23WQ;
				INFOPLIST_FILE = "Incident Reporting/Info.plist";
				LD_RUNPATH_SEARCH_PATHS = "$(inherited) @executable_path/Frameworks";
				PRODUCT_BUNDLE_IDENTIFIER = "com.xuyang.Incident-Reporting";
				PRODUCT_NAME = "$(TARGET_NAME)";
				SWIFT_VERSION = 3.0;
			};
			name = Debug;
		};
		299351E41F48038C008A4E49 /* Release */ = {
			isa = XCBuildConfiguration;
			baseConfigurationReference = 726490467C260ED302C13605 /* Pods-Incident Reporting.release.xcconfig */;
			buildSettings = {
				ASSETCATALOG_COMPILER_APPICON_NAME = AppIcon;
				DEVELOPMENT_TEAM = 9G65KC23WQ;
				INFOPLIST_FILE = "Incident Reporting/Info.plist";
				LD_RUNPATH_SEARCH_PATHS = "$(inherited) @executable_path/Frameworks";
				PRODUCT_BUNDLE_IDENTIFIER = "com.xuyang.Incident-Reporting";
				PRODUCT_NAME = "$(TARGET_NAME)";
				SWIFT_VERSION = 3.0;
			};
			name = Release;
		};
		299351E61F48038C008A4E49 /* Debug */ = {
			isa = XCBuildConfiguration;
			buildSettings = {
				ALWAYS_EMBED_SWIFT_STANDARD_LIBRARIES = YES;
				BUNDLE_LOADER = "$(TEST_HOST)";
				DEVELOPMENT_TEAM = 9G65KC23WQ;
				INFOPLIST_FILE = "Incident ReportingTests/Info.plist";
				LD_RUNPATH_SEARCH_PATHS = "$(inherited) @executable_path/Frameworks @loader_path/Frameworks";
				PRODUCT_BUNDLE_IDENTIFIER = "com.xuyang.Incident-ReportingTests";
				PRODUCT_NAME = "$(TARGET_NAME)";
				SWIFT_VERSION = 3.0;
				TEST_HOST = "$(BUILT_PRODUCTS_DIR)/Incident Reporting.app/Incident Reporting";
			};
			name = Debug;
		};
		299351E71F48038C008A4E49 /* Release */ = {
			isa = XCBuildConfiguration;
			buildSettings = {
				ALWAYS_EMBED_SWIFT_STANDARD_LIBRARIES = YES;
				BUNDLE_LOADER = "$(TEST_HOST)";
				DEVELOPMENT_TEAM = 9G65KC23WQ;
				INFOPLIST_FILE = "Incident ReportingTests/Info.plist";
				LD_RUNPATH_SEARCH_PATHS = "$(inherited) @executable_path/Frameworks @loader_path/Frameworks";
				PRODUCT_BUNDLE_IDENTIFIER = "com.xuyang.Incident-ReportingTests";
				PRODUCT_NAME = "$(TARGET_NAME)";
				SWIFT_VERSION = 3.0;
				TEST_HOST = "$(BUILT_PRODUCTS_DIR)/Incident Reporting.app/Incident Reporting";
			};
			name = Release;
		};
		299351E91F48038C008A4E49 /* Debug */ = {
			isa = XCBuildConfiguration;
			buildSettings = {
				ALWAYS_EMBED_SWIFT_STANDARD_LIBRARIES = YES;
				DEVELOPMENT_TEAM = 9G65KC23WQ;
				INFOPLIST_FILE = "Incident ReportingUITests/Info.plist";
				LD_RUNPATH_SEARCH_PATHS = "$(inherited) @executable_path/Frameworks @loader_path/Frameworks";
				PRODUCT_BUNDLE_IDENTIFIER = "com.xuyang.Incident-ReportingUITests";
				PRODUCT_NAME = "$(TARGET_NAME)";
				SWIFT_VERSION = 3.0;
				TEST_TARGET_NAME = "Incident Reporting";
			};
			name = Debug;
		};
		299351EA1F48038C008A4E49 /* Release */ = {
			isa = XCBuildConfiguration;
			buildSettings = {
				ALWAYS_EMBED_SWIFT_STANDARD_LIBRARIES = YES;
				DEVELOPMENT_TEAM = 9G65KC23WQ;
				INFOPLIST_FILE = "Incident ReportingUITests/Info.plist";
				LD_RUNPATH_SEARCH_PATHS = "$(inherited) @executable_path/Frameworks @loader_path/Frameworks";
				PRODUCT_BUNDLE_IDENTIFIER = "com.xuyang.Incident-ReportingUITests";
				PRODUCT_NAME = "$(TARGET_NAME)";
				SWIFT_VERSION = 3.0;
				TEST_TARGET_NAME = "Incident Reporting";
			};
			name = Release;
		};
/* End XCBuildConfiguration section */

/* Begin XCConfigurationList section */
		299351B21F48038B008A4E49 /* Build configuration list for PBXProject "Incident Reporting" */ = {
			isa = XCConfigurationList;
			buildConfigurations = (
				299351E01F48038C008A4E49 /* Debug */,
				299351E11F48038C008A4E49 /* Release */,
			);
			defaultConfigurationIsVisible = 0;
			defaultConfigurationName = Release;
		};
		299351E21F48038C008A4E49 /* Build configuration list for PBXNativeTarget "Incident Reporting" */ = {
			isa = XCConfigurationList;
			buildConfigurations = (
				299351E31F48038C008A4E49 /* Debug */,
				299351E41F48038C008A4E49 /* Release */,
			);
			defaultConfigurationIsVisible = 0;
			defaultConfigurationName = Release;
		};
		299351E51F48038C008A4E49 /* Build configuration list for PBXNativeTarget "Incident ReportingTests" */ = {
			isa = XCConfigurationList;
			buildConfigurations = (
				299351E61F48038C008A4E49 /* Debug */,
				299351E71F48038C008A4E49 /* Release */,
			);
			defaultConfigurationIsVisible = 0;
			defaultConfigurationName = Release;
		};
		299351E81F48038C008A4E49 /* Build configuration list for PBXNativeTarget "Incident ReportingUITests" */ = {
			isa = XCConfigurationList;
			buildConfigurations = (
				299351E91F48038C008A4E49 /* Debug */,
				299351EA1F48038C008A4E49 /* Release */,
			);
			defaultConfigurationIsVisible = 0;
			defaultConfigurationName = Release;
		};
/* End XCConfigurationList section */

/* Begin XCVersionGroup section */
		299351C11F48038C008A4E49 /* Incident_Reporting.xcdatamodeld */ = {
			isa = XCVersionGroup;
			children = (
				299351C21F48038C008A4E49 /* Incident_Reporting.xcdatamodel */,
			);
			currentVersion = 299351C21F48038C008A4E49 /* Incident_Reporting.xcdatamodel */;
			path = Incident_Reporting.xcdatamodeld;
			sourceTree = "<group>";
			versionGroupType = wrapper.xcdatamodel;
		};
/* End XCVersionGroup section */
	};
	rootObject = 299351AF1F48038B008A4E49 /* Project object */;
}
